# THIS IS AN AUTOGENERATED FILE. DO NOT EDIT THIS FILE DIRECTLY.
# yarn lockfile v1


abortcontroller-polyfill@^1.5.0:
  version "1.5.0"
  resolved "https://registry.yarnpkg.com/abortcontroller-polyfill/-/abortcontroller-polyfill-1.5.0.tgz#2c562f530869abbcf88d949a2b60d1d402e87a7c"
  integrity sha512-O6Xk757Jb4o0LMzMOMdWvxpHWrQzruYBaUruFaIOfAQRnWFxfdXYobw12jrVHGtoXk6WiiyYzc0QWN9aL62HQA==

bootstrap@^4.5.3:
  version "4.5.3"
  resolved "https://registry.yarnpkg.com/bootstrap/-/bootstrap-4.5.3.tgz#c6a72b355aaf323920be800246a6e4ef30997fe6"
  integrity sha512-o9ppKQioXGqhw8Z7mah6KdTYpNQY//tipnkxppWhPbiSWdD+1raYsnhwEZjkTHYbGee4cVQ0Rx65EhOY/HNLcQ==

event-target-shim@^5.0.1:
  version "5.0.1"
  resolved "https://registry.yarnpkg.com/event-target-shim/-/event-target-shim-5.0.1.tgz#5d4d3ebdf9583d63a5333ce2deb7480ab2b05789"
  integrity sha512-i/2XbnSz/uxRCU6+NdVJgKWDTM427+MqYbkQzD321DuCQJUqOuJKIA0IM2+W2xtYHdKOmZ4dR6fExsd4SXL+WQ==

jquery@^3.5.1:
  version "3.5.1"
  resolved "https://registry.yarnpkg.com/jquery/-/jquery-3.5.1.tgz#d7b4d08e1bfdb86ad2f1a3d039ea17304717abb5"
  integrity sha512-XwIBPqcMn57FxfT+Go5pzySnm4KWkT1Tv7gjrpT1srtf8Weynl6R273VJ5GjkRb51IzMp5nbaPjJXMWeju2MKg==

"live-form-validation@https://github.com/contributte/live-form-validation.git":
  version "1.9.0"
  resolved "https://github.com/contributte/live-form-validation.git#9f98281ab33a167c4d5d7c5f19e4a2ecf8a0f629"

naja@^2.0.1:
  version "2.0.1"
  resolved "https://registry.yarnpkg.com/naja/-/naja-2.0.1.tgz#655cd8dd62bb6fa5c00def3b551a1144f8401b07"
  integrity sha512-CNku1hOJ3hl2vi0c2wY0kPEojEHsbPjtQp+IblGkXYg/1tGfIC3AXch16nkywH9sX8klLB65s20/YF9vd72EMQ==
  dependencies:
    abortcontroller-polyfill "^1.5.0"
    event-target-shim "^5.0.1"

nette-forms@~3.0.0:
  version "3.0.6"
  resolved "https://registry.yarnpkg.com/nette-forms/-/nette-forms-3.0.6.tgz#4fb0090b4995fb84bab6dcaa16fd805bb2bb46f9"
  integrity sha512-Uip1OCv/DFMKw0hWhcQYWSfOsNSm/H7Q1roUlyCQfJkEWigs4IgQ0oXZ/jT5b1zLKraZAY/ZqVj5KGoO12F0eA==

popper.js@^1.14.7:
  version "1.16.1"
  resolved "https://registry.yarnpkg.com/popper.js/-/popper.js-1.16.1.tgz#2a223cb3dc7b6213d740e40372be40de43e65b1b"
  integrity sha512-Wb4p1J4zyFTbM+u6WuO4XstYx4Ky9Cewe4DWrel7B0w6VVICvPwdOpotjzcf6eD8TsckVnIMNONQyPIUFOUbCQ==
